
Microsoft Visual Studio Solution File, Format Version 12.00
# Visual Studio Version 17
VisualStudioVersion = 17.11.35222.181
MinimumVisualStudioVersion = 10.0.40219.1
Project("{2150E333-8FDC-42A3-9474-1A3956D46DE8}") = "Modules", "Modules", "{182DB96A-C862-4D7D-A59A-4985D3E00819}"
EndProject
Project("{2150E333-8FDC-42A3-9474-1A3956D46DE8}") = "src", "src", "{ACE2375B-F409-43BA-966A-03096F0B2F16}"
EndProject
Project("{2150E333-8FDC-42A3-9474-1A3956D46DE8}") = "DoctorAvailability", "DoctorAvailability", "{EAEF53CD-F3CB-43F9-A7DF-BA1336B3CB60}"
EndProject
Project("{9A19103F-16F7-4668-BE54-9A1E7A4F7556}") = "Availability.Application", "Availability.Application\Availability.Application.csproj", "{496F96E9-53DE-4D10-A9A3-84E01EC52103}"
EndProject
Project("{9A19103F-16F7-4668-BE54-9A1E7A4F7556}") = "Availability.Domain", "Availability.Domain\Availability.Domain.csproj", "{B724321A-1DCC-41DA-AD50-7C97E9E570C4}"
EndProject
Project("{9A19103F-16F7-4668-BE54-9A1E7A4F7556}") = "Availability.Data", "Availability.Data\Availability.Data.csproj", "{2C45F586-C43B-4AAD-B9B0-F185D5726FA6}"
EndProject
Project("{2150E333-8FDC-42A3-9474-1A3956D46DE8}") = "Shared", "Shared", "{4F4AA6B6-2AC4-48A3-A00A-F4FFC20A29ED}"
EndProject
Project("{9A19103F-16F7-4668-BE54-9A1E7A4F7556}") = "SharedKernel", "SharedKernel\SharedKernel.csproj", "{B68151D5-2D59-47A5-9386-E4A756EA9062}"
EndProject
Project("{9A19103F-16F7-4668-BE54-9A1E7A4F7556}") = "CommonUtilities", "CommonUtilities\CommonUtilities.csproj", "{9A0F32FC-9EC7-472B-AFC0-03808A6E8C1B}"
EndProject
Project("{2150E333-8FDC-42A3-9474-1A3956D46DE8}") = "Bootstrapper", "Bootstrapper", "{333C5EDA-F501-4CAC-9A96-5135B58DF572}"
EndProject
Project("{9A19103F-16F7-4668-BE54-9A1E7A4F7556}") = "BookingAppAPIs", "BookingAppAPIs\BookingAppAPIs.csproj", "{89DED80B-F80B-41C5-8B8C-2566F8F83DA6}"
EndProject
Project("{9A19103F-16F7-4668-BE54-9A1E7A4F7556}") = "Availability.APIs", "Availability.APIs\Availability.APIs.csproj", "{6B4325FD-04EC-4246-8FF5-E5FDF4CE2B45}"
EndProject
Project("{2150E333-8FDC-42A3-9474-1A3956D46DE8}") = "AppointmentBooking", "AppointmentBooking", "{6B2757C2-D173-4054-B8DE-075CC2E03BF7}"
EndProject
Project("{9A19103F-16F7-4668-BE54-9A1E7A4F7556}") = "AppointmentBooking.Core", "AppointmentBooking.Core\AppointmentBooking.Core.csproj", "{D59C7E98-0CE0-4D82-840C-ED8D453500D0}"
EndProject
Project("{9A19103F-16F7-4668-BE54-9A1E7A4F7556}") = "AppointmentBooking.UesCases", "AppointmentBooking.UesCases\AppointmentBooking.UesCases.csproj", "{DADD29E6-1C35-4565-8440-595B1EA68082}"
EndProject
Project("{9A19103F-16F7-4668-BE54-9A1E7A4F7556}") = "AppointmentBooking.Infrastructure", "AppointmentBooking.Infrastructure\AppointmentBooking.Infrastructure.csproj", "{B2B4BAD6-E24E-4C82-B55E-46718B89D5D6}"
EndProject
Project("{9A19103F-16F7-4668-BE54-9A1E7A4F7556}") = "AppintmentBooking.APIs", "AppintmentBooking.APIs\AppintmentBooking.APIs.csproj", "{B49E69D7-C584-449B-8381-5DCD16BC7E7C}"
EndProject
Project("{2150E333-8FDC-42A3-9474-1A3956D46DE8}") = "AppointmentConfirmation", "AppointmentConfirmation", "{38FC74DA-5621-4865-BE11-FD15CA2EB534}"
EndProject
Project("{9A19103F-16F7-4668-BE54-9A1E7A4F7556}") = "AppointmentConfirmation", "AppointmentConfirmation\AppointmentConfirmation.csproj", "{83854977-45FF-48CB-BD8C-242D80521BE3}"
EndProject
Project("{2150E333-8FDC-42A3-9474-1A3956D46DE8}") = "AppointmentManagement", "AppointmentManagement", "{D8120412-6416-4F75-9746-41E9FD38ADB6}"
EndProject
Project("{2150E333-8FDC-42A3-9474-1A3956D46DE8}") = "Core", "Core", "{511B2C25-885B-4B58-8E84-5C398C35558E}"
EndProject
Project("{2150E333-8FDC-42A3-9474-1A3956D46DE8}") = "Shell", "Shell", "{8FA3E26D-F672-4115-BE51-7EE72D6E1CCB}"
EndProject
Project("{FAE04EC0-301F-11D3-BF4B-00C04F79EFBC}") = "Core", "Core\Core.csproj", "{9C67E74E-38BA-4D00-B3C6-F730FC4AB250}"
EndProject
Project("{2150E333-8FDC-42A3-9474-1A3956D46DE8}") = "Shared", "Shared", "{6FF9DB81-894C-4011-9AD7-F0CAF31F778C}"
EndProject
Project("{FAE04EC0-301F-11D3-BF4B-00C04F79EFBC}") = "Shared", "Shared\Shared.csproj", "{6B285315-197D-4CA0-8061-47AF0EA31918}"
EndProject
Project("{FAE04EC0-301F-11D3-BF4B-00C04F79EFBC}") = "Shell", "Shell\Shell.csproj", "{4395EC55-5E53-45B3-987F-5DB8362DE39E}"
EndProject
Global
	GlobalSection(SolutionConfigurationPlatforms) = preSolution
		Debug|Any CPU = Debug|Any CPU
		Release|Any CPU = Release|Any CPU
	EndGlobalSection
	GlobalSection(ProjectConfigurationPlatforms) = postSolution
		{496F96E9-53DE-4D10-A9A3-84E01EC52103}.Debug|Any CPU.ActiveCfg = Debug|Any CPU
		{496F96E9-53DE-4D10-A9A3-84E01EC52103}.Debug|Any CPU.Build.0 = Debug|Any CPU
		{496F96E9-53DE-4D10-A9A3-84E01EC52103}.Release|Any CPU.ActiveCfg = Release|Any CPU
		{496F96E9-53DE-4D10-A9A3-84E01EC52103}.Release|Any CPU.Build.0 = Release|Any CPU
		{B724321A-1DCC-41DA-AD50-7C97E9E570C4}.Debug|Any CPU.ActiveCfg = Debug|Any CPU
		{B724321A-1DCC-41DA-AD50-7C97E9E570C4}.Debug|Any CPU.Build.0 = Debug|Any CPU
		{B724321A-1DCC-41DA-AD50-7C97E9E570C4}.Release|Any CPU.ActiveCfg = Release|Any CPU
		{B724321A-1DCC-41DA-AD50-7C97E9E570C4}.Release|Any CPU.Build.0 = Release|Any CPU
		{2C45F586-C43B-4AAD-B9B0-F185D5726FA6}.Debug|Any CPU.ActiveCfg = Debug|Any CPU
		{2C45F586-C43B-4AAD-B9B0-F185D5726FA6}.Debug|Any CPU.Build.0 = Debug|Any CPU
		{2C45F586-C43B-4AAD-B9B0-F185D5726FA6}.Release|Any CPU.ActiveCfg = Release|Any CPU
		{2C45F586-C43B-4AAD-B9B0-F185D5726FA6}.Release|Any CPU.Build.0 = Release|Any CPU
		{B68151D5-2D59-47A5-9386-E4A756EA9062}.Debug|Any CPU.ActiveCfg = Debug|Any CPU
		{B68151D5-2D59-47A5-9386-E4A756EA9062}.Debug|Any CPU.Build.0 = Debug|Any CPU
		{B68151D5-2D59-47A5-9386-E4A756EA9062}.Release|Any CPU.ActiveCfg = Release|Any CPU
		{B68151D5-2D59-47A5-9386-E4A756EA9062}.Release|Any CPU.Build.0 = Release|Any CPU
		{9A0F32FC-9EC7-472B-AFC0-03808A6E8C1B}.Debug|Any CPU.ActiveCfg = Debug|Any CPU
		{9A0F32FC-9EC7-472B-AFC0-03808A6E8C1B}.Debug|Any CPU.Build.0 = Debug|Any CPU
		{9A0F32FC-9EC7-472B-AFC0-03808A6E8C1B}.Release|Any CPU.ActiveCfg = Release|Any CPU
		{9A0F32FC-9EC7-472B-AFC0-03808A6E8C1B}.Release|Any CPU.Build.0 = Release|Any CPU
		{89DED80B-F80B-41C5-8B8C-2566F8F83DA6}.Debug|Any CPU.ActiveCfg = Debug|Any CPU
		{89DED80B-F80B-41C5-8B8C-2566F8F83DA6}.Debug|Any CPU.Build.0 = Debug|Any CPU
		{89DED80B-F80B-41C5-8B8C-2566F8F83DA6}.Release|Any CPU.ActiveCfg = Release|Any CPU
		{89DED80B-F80B-41C5-8B8C-2566F8F83DA6}.Release|Any CPU.Build.0 = Release|Any CPU
		{6B4325FD-04EC-4246-8FF5-E5FDF4CE2B45}.Debug|Any CPU.ActiveCfg = Debug|Any CPU
		{6B4325FD-04EC-4246-8FF5-E5FDF4CE2B45}.Debug|Any CPU.Build.0 = Debug|Any CPU
		{6B4325FD-04EC-4246-8FF5-E5FDF4CE2B45}.Release|Any CPU.ActiveCfg = Release|Any CPU
		{6B4325FD-04EC-4246-8FF5-E5FDF4CE2B45}.Release|Any CPU.Build.0 = Release|Any CPU
		{D59C7E98-0CE0-4D82-840C-ED8D453500D0}.Debug|Any CPU.ActiveCfg = Debug|Any CPU
		{D59C7E98-0CE0-4D82-840C-ED8D453500D0}.Debug|Any CPU.Build.0 = Debug|Any CPU
		{D59C7E98-0CE0-4D82-840C-ED8D453500D0}.Release|Any CPU.ActiveCfg = Release|Any CPU
		{D59C7E98-0CE0-4D82-840C-ED8D453500D0}.Release|Any CPU.Build.0 = Release|Any CPU
		{DADD29E6-1C35-4565-8440-595B1EA68082}.Debug|Any CPU.ActiveCfg = Debug|Any CPU
		{DADD29E6-1C35-4565-8440-595B1EA68082}.Debug|Any CPU.Build.0 = Debug|Any CPU
		{DADD29E6-1C35-4565-8440-595B1EA68082}.Release|Any CPU.ActiveCfg = Release|Any CPU
		{DADD29E6-1C35-4565-8440-595B1EA68082}.Release|Any CPU.Build.0 = Release|Any CPU
		{B2B4BAD6-E24E-4C82-B55E-46718B89D5D6}.Debug|Any CPU.ActiveCfg = Debug|Any CPU
		{B2B4BAD6-E24E-4C82-B55E-46718B89D5D6}.Debug|Any CPU.Build.0 = Debug|Any CPU
		{B2B4BAD6-E24E-4C82-B55E-46718B89D5D6}.Release|Any CPU.ActiveCfg = Release|Any CPU
		{B2B4BAD6-E24E-4C82-B55E-46718B89D5D6}.Release|Any CPU.Build.0 = Release|Any CPU
		{B49E69D7-C584-449B-8381-5DCD16BC7E7C}.Debug|Any CPU.ActiveCfg = Debug|Any CPU
		{B49E69D7-C584-449B-8381-5DCD16BC7E7C}.Debug|Any CPU.Build.0 = Debug|Any CPU
		{B49E69D7-C584-449B-8381-5DCD16BC7E7C}.Release|Any CPU.ActiveCfg = Release|Any CPU
		{B49E69D7-C584-449B-8381-5DCD16BC7E7C}.Release|Any CPU.Build.0 = Release|Any CPU
		{83854977-45FF-48CB-BD8C-242D80521BE3}.Debug|Any CPU.ActiveCfg = Debug|Any CPU
		{83854977-45FF-48CB-BD8C-242D80521BE3}.Debug|Any CPU.Build.0 = Debug|Any CPU
		{83854977-45FF-48CB-BD8C-242D80521BE3}.Release|Any CPU.ActiveCfg = Release|Any CPU
		{83854977-45FF-48CB-BD8C-242D80521BE3}.Release|Any CPU.Build.0 = Release|Any CPU
		{9C67E74E-38BA-4D00-B3C6-F730FC4AB250}.Debug|Any CPU.ActiveCfg = Debug|Any CPU
		{9C67E74E-38BA-4D00-B3C6-F730FC4AB250}.Debug|Any CPU.Build.0 = Debug|Any CPU
		{9C67E74E-38BA-4D00-B3C6-F730FC4AB250}.Release|Any CPU.ActiveCfg = Release|Any CPU
		{9C67E74E-38BA-4D00-B3C6-F730FC4AB250}.Release|Any CPU.Build.0 = Release|Any CPU
		{6B285315-197D-4CA0-8061-47AF0EA31918}.Debug|Any CPU.ActiveCfg = Debug|Any CPU
		{6B285315-197D-4CA0-8061-47AF0EA31918}.Debug|Any CPU.Build.0 = Debug|Any CPU
		{6B285315-197D-4CA0-8061-47AF0EA31918}.Release|Any CPU.ActiveCfg = Release|Any CPU
		{6B285315-197D-4CA0-8061-47AF0EA31918}.Release|Any CPU.Build.0 = Release|Any CPU
		{4395EC55-5E53-45B3-987F-5DB8362DE39E}.Debug|Any CPU.ActiveCfg = Debug|Any CPU
		{4395EC55-5E53-45B3-987F-5DB8362DE39E}.Debug|Any CPU.Build.0 = Debug|Any CPU
		{4395EC55-5E53-45B3-987F-5DB8362DE39E}.Release|Any CPU.ActiveCfg = Release|Any CPU
		{4395EC55-5E53-45B3-987F-5DB8362DE39E}.Release|Any CPU.Build.0 = Release|Any CPU
	EndGlobalSection
	GlobalSection(SolutionProperties) = preSolution
		HideSolutionNode = FALSE
	EndGlobalSection
	GlobalSection(NestedProjects) = preSolution
		{182DB96A-C862-4D7D-A59A-4985D3E00819} = {ACE2375B-F409-43BA-966A-03096F0B2F16}
		{EAEF53CD-F3CB-43F9-A7DF-BA1336B3CB60} = {182DB96A-C862-4D7D-A59A-4985D3E00819}
		{496F96E9-53DE-4D10-A9A3-84E01EC52103} = {EAEF53CD-F3CB-43F9-A7DF-BA1336B3CB60}
		{B724321A-1DCC-41DA-AD50-7C97E9E570C4} = {EAEF53CD-F3CB-43F9-A7DF-BA1336B3CB60}
		{2C45F586-C43B-4AAD-B9B0-F185D5726FA6} = {EAEF53CD-F3CB-43F9-A7DF-BA1336B3CB60}
		{4F4AA6B6-2AC4-48A3-A00A-F4FFC20A29ED} = {ACE2375B-F409-43BA-966A-03096F0B2F16}
		{B68151D5-2D59-47A5-9386-E4A756EA9062} = {4F4AA6B6-2AC4-48A3-A00A-F4FFC20A29ED}
		{9A0F32FC-9EC7-472B-AFC0-03808A6E8C1B} = {4F4AA6B6-2AC4-48A3-A00A-F4FFC20A29ED}
		{333C5EDA-F501-4CAC-9A96-5135B58DF572} = {ACE2375B-F409-43BA-966A-03096F0B2F16}
		{89DED80B-F80B-41C5-8B8C-2566F8F83DA6} = {333C5EDA-F501-4CAC-9A96-5135B58DF572}
		{6B4325FD-04EC-4246-8FF5-E5FDF4CE2B45} = {EAEF53CD-F3CB-43F9-A7DF-BA1336B3CB60}
		{6B2757C2-D173-4054-B8DE-075CC2E03BF7} = {182DB96A-C862-4D7D-A59A-4985D3E00819}
		{D59C7E98-0CE0-4D82-840C-ED8D453500D0} = {6B2757C2-D173-4054-B8DE-075CC2E03BF7}
		{DADD29E6-1C35-4565-8440-595B1EA68082} = {6B2757C2-D173-4054-B8DE-075CC2E03BF7}
		{B2B4BAD6-E24E-4C82-B55E-46718B89D5D6} = {6B2757C2-D173-4054-B8DE-075CC2E03BF7}
		{B49E69D7-C584-449B-8381-5DCD16BC7E7C} = {6B2757C2-D173-4054-B8DE-075CC2E03BF7}
		{38FC74DA-5621-4865-BE11-FD15CA2EB534} = {182DB96A-C862-4D7D-A59A-4985D3E00819}
		{83854977-45FF-48CB-BD8C-242D80521BE3} = {38FC74DA-5621-4865-BE11-FD15CA2EB534}
		{D8120412-6416-4F75-9746-41E9FD38ADB6} = {182DB96A-C862-4D7D-A59A-4985D3E00819}
		{511B2C25-885B-4B58-8E84-5C398C35558E} = {D8120412-6416-4F75-9746-41E9FD38ADB6}
		{8FA3E26D-F672-4115-BE51-7EE72D6E1CCB} = {D8120412-6416-4F75-9746-41E9FD38ADB6}
		{9C67E74E-38BA-4D00-B3C6-F730FC4AB250} = {511B2C25-885B-4B58-8E84-5C398C35558E}
		{6FF9DB81-894C-4011-9AD7-F0CAF31F778C} = {D8120412-6416-4F75-9746-41E9FD38ADB6}
		{6B285315-197D-4CA0-8061-47AF0EA31918} = {6FF9DB81-894C-4011-9AD7-F0CAF31F778C}
		{4395EC55-5E53-45B3-987F-5DB8362DE39E} = {8FA3E26D-F672-4115-BE51-7EE72D6E1CCB}
	EndGlobalSection
	GlobalSection(ExtensibilityGlobals) = postSolution
		SolutionGuid = {0BEAEEF0-2FD9-4BA1-8B92-272903F88534}
	EndGlobalSection
EndGlobal
